# This file was autogenerated by Stack.
# You should not edit this file by hand.
# For more information, please see the documentation at:
#   https://docs.haskellstack.org/en/stable/lock_files

packages:
- completed:
    hackage: hspec-2.8.1@sha256:56ad90d6eff8b046aea6dbf87dd2518dc1b0c171acdfec785d02b26bdbbb1438,1709
    pantry-tree:
      sha256: 0b59b0066e8e0e2f198aa6e0b955ae52e83344ada56b51f12f546536ad83685c
      size: 583
  original:
    hackage: hspec-2.8.1
- completed:
    hackage: hspec-core-2.8.1@sha256:7d51b4de1e9a3729942d39176fc711e7f925d1725897fd6a33fe03ffb151efd1,4955
    pantry-tree:
      sha256: 22340a94c87218332673097c361e46c7002a54535e94c4a05fa5db071e99a022
      size: 4312
  original:
    hackage: hspec-core-2.8.1
- completed:
    hackage: hspec-discover-2.8.1@sha256:bc492a149234cd60517e6bd9126e4bf36660700f54e49da3b51894b54e7c1bb9,2183
    pantry-tree:
      sha256: 92366c772d6e3ac7224fe74d41e3a5dceca14b85cb27f35752d9d2f1c8d8eb25
      size: 1131
  original:
    hackage: hspec-discover-2.8.1
- completed:
    hackage: hspec-golden-0.2.1.0@sha256:b695ae72685bbb5acd04cdd79d07c43de5ab8867e28662dd1a0002296f2a4940,2635
    pantry-tree:
      sha256: d72fec5f2c0568ae958282c7a8b8f5bfba146e3e4ceee0510c0e22be5c8eb740
      size: 495
  original:
    hackage: hspec-golden-0.2.1.0
- completed:
    hackage: regex-base-0.94.0.2@sha256:3a76c313f9f75e8e0b3c103c1bff5bbaf754da30cbddedc1d5b7061d001030e0,2661
    pantry-tree:
      sha256: be7123592a3f9d0e5ba7f61d689dfa9b8a9ebd731d5aee0280d2761bdc842edc
      size: 531
  original:
    hackage: regex-base-0.94.0.2@sha256:3a76c313f9f75e8e0b3c103c1bff5bbaf754da30cbddedc1d5b7061d001030e0
- completed:
    hackage: regex-tdfa-1.3.2.2@sha256:cdf462f6280804baa264e42e3e328ba02ec71d9335de706f3dee778890a25c0e,7042
    pantry-tree:
      sha256: fe183406bec992541629cfa079ea3c7bd7946960b09b21fb921a9209d9df1132
      size: 2674
  original:
    hackage: regex-tdfa-1.3.2.2@sha256:cdf462f6280804baa264e42e3e328ba02ec71d9335de706f3dee778890a25c0e,7042
snapshots:
- completed:
    sha256: 7ea31a280c56bf36ff591a7397cc384d0dff622e7f9e4225b47d8980f019a0f0
    size: 524996
    url: https://raw.githubusercontent.com/commercialhaskell/stackage-snapshots/master/lts/14/27.yaml
  original: lts-14.27
