# This file was autogenerated by Stack.
# You should not edit this file by hand.
# For more information, please see the documentation at:
#   https://docs.haskellstack.org/en/stable/lock_files

packages: []
snapshots:
- completed:
    sha256: 682574fdbde29718a8c5bc4a16e534b2e7c821922bdb46c1daf8adf373b28e55
    size: 669535
    url: https://raw.githubusercontent.com/commercialhaskell/stackage-snapshots/master/nightly/2023/9/25.yaml
  original: nightly-2023-09-25
