# This file was autogenerated by Stack.
# You should not edit this file by hand.
# For more information, please see the documentation at:
#   https://docs.haskellstack.org/en/stable/lock_files

packages:
- completed:
    hackage: hspec-golden-0.2.1.0@sha256:b695ae72685bbb5acd04cdd79d07c43de5ab8867e28662dd1a0002296f2a4940,2635
    pantry-tree:
      sha256: d72fec5f2c0568ae958282c7a8b8f5bfba146e3e4ceee0510c0e22be5c8eb740
      size: 495
  original:
    hackage: hspec-golden-0.2.1.0
snapshots:
- completed:
    sha256: 6d1532d40621957a25bad5195bfca7938e8a06d923c91bc52aa0f3c41181f2d4
    size: 619204
    url: https://raw.githubusercontent.com/commercialhaskell/stackage-snapshots/master/lts/19/33.yaml
  original: lts-19.33
