# This file was autogenerated by Stack.
# You should not edit this file by hand.
# For more information, please see the documentation at:
#   https://docs.haskellstack.org/en/stable/lock_files

packages:
- completed:
    hackage: hspec-2.8.5@sha256:6b9c26d94146b7a55a03d7d4059d6acaded54fde2090e11ce8938ac54de43c93,1709
    pantry-tree:
      size: 583
      sha256: 4221149ab97dd132f6a2c7608f61930fbfe1ce99fb1dfe93a3f5887738d5fcfe
  original:
    hackage: hspec-2.8.5
- completed:
    hackage: hspec-core-2.8.5@sha256:da8a2bb5be1ea434bfd2ea89429de88c5b4bc261d6e8e6cf5ddacbe5f186c0f2,5501
    pantry-tree:
      size: 4964
      sha256: c7371bf9cb6a8bdf65406f55695ac5bd7a7afdc227eef6b4319323fd68ad66ad
  original:
    hackage: hspec-core-2.8.5
- completed:
    hackage: hspec-discover-2.8.5@sha256:687368bede3120e90e8b4ef92885335c75237be305418ddf636aa3813da39b45,2157
    pantry-tree:
      size: 828
      sha256: fdd13970a7262a27b0842e977b99282cb56e056d670afd32851cb52a7f2a3ce4
  original:
    hackage: hspec-discover-2.8.5
snapshots:
- completed:
    size: 590100
    url: https://raw.githubusercontent.com/commercialhaskell/stackage-snapshots/master/lts/18/28.yaml
    sha256: 428ec8d5ce932190d3cbe266b9eb3c175cd81e984babf876b64019e2cbe4ea68
  original: lts-18.28
